
Microsoft Visual Studio Solution File, Format Version 12.00
# Visual Studio Version 17
VisualStudioVersion = 17.9.34607.119
MinimumVisualStudioVersion = 10.0.40219.1
Project("{FAE04EC0-301F-11D3-BF4B-00C04F79EFBC}") = "TaskManagement", "TaskManagement\TaskManagement.csproj", "{1660368D-6C8C-459A-B89B-EB276F2A66EB}"
EndProject
Global
	GlobalSection(SolutionConfigurationPlatforms) = preSolution
		Debug|Any CPU = Debug|Any CPU
		Release|Any CPU = Release|Any CPU
	EndGlobalSection
	GlobalSection(ProjectConfigurationPlatforms) = postSolution
		{1660368D-6C8C-459A-B89B-EB276F2A66EB}.Debug|Any CPU.ActiveCfg = Debug|Any CPU
		{1660368D-6C8C-459A-B89B-EB276F2A66EB}.Debug|Any CPU.Build.0 = Debug|Any CPU
		{1660368D-6C8C-459A-B89B-EB276F2A66EB}.Release|Any CPU.ActiveCfg = Release|Any CPU
		{1660368D-6C8C-459A-B89B-EB276F2A66EB}.Release|Any CPU.Build.0 = Release|Any CPU
	EndGlobalSection
	GlobalSection(SolutionProperties) = preSolution
		HideSolutionNode = FALSE
	EndGlobalSection
	GlobalSection(ExtensibilityGlobals) = postSolution
		SolutionGuid = {B68ADC38-CA20-4F40-A7BF-339822285C53}
	EndGlobalSection
EndGlobal
